
Microsoft Visual Studio Solution File, Format Version 12.00
# Visual Studio Version 17
VisualStudioVersion = 17.13.35913.81 d17.13
MinimumVisualStudioVersion = 10.0.40219.1
Project("{FAE04EC0-301F-11D3-BF4B-00C04F79EFBC}") = "SensorStatsSimulator.API", "SensorStatsSimulator.API\SensorStatsSimulator.API.csproj", "{957CF24D-8484-4EA2-B5AE-44E694547F8C}"
EndProject
Project("{FAE04EC0-301F-11D3-BF4B-00C04F79EFBC}") = "SensorStatsSimulatorLoadGenerator", "SensorStatsSimulatorLoadGenerator\SensorStatsSimulatorLoadGenerator.csproj", "{8D80CC42-EFBB-4C4F-9C77-A8445D3B461E}"
EndProject
Global
	GlobalSection(SolutionConfigurationPlatforms) = preSolution
		Debug|Any CPU = Debug|Any CPU
		Release|Any CPU = Release|Any CPU
	EndGlobalSection
	GlobalSection(ProjectConfigurationPlatforms) = postSolution
		{957CF24D-8484-4EA2-B5AE-44E694547F8C}.Debug|Any CPU.ActiveCfg = Debug|Any CPU
		{957CF24D-8484-4EA2-B5AE-44E694547F8C}.Debug|Any CPU.Build.0 = Debug|Any CPU
		{957CF24D-8484-4EA2-B5AE-44E694547F8C}.Release|Any CPU.ActiveCfg = Release|Any CPU
		{957CF24D-8484-4EA2-B5AE-44E694547F8C}.Release|Any CPU.Build.0 = Release|Any CPU
		{8D80CC42-EFBB-4C4F-9C77-A8445D3B461E}.Debug|Any CPU.ActiveCfg = Debug|Any CPU
		{8D80CC42-EFBB-4C4F-9C77-A8445D3B461E}.Debug|Any CPU.Build.0 = Debug|Any CPU
		{8D80CC42-EFBB-4C4F-9C77-A8445D3B461E}.Release|Any CPU.ActiveCfg = Release|Any CPU
		{8D80CC42-EFBB-4C4F-9C77-A8445D3B461E}.Release|Any CPU.Build.0 = Release|Any CPU
	EndGlobalSection
	GlobalSection(SolutionProperties) = preSolution
		HideSolutionNode = FALSE
	EndGlobalSection
	GlobalSection(ExtensibilityGlobals) = postSolution
		SolutionGuid = {6DEBF403-204F-4DEC-BBAF-21267586D11B}
	EndGlobalSection
EndGlobal
